
Microsoft Visual Studio Solution File, Format Version 12.00
# Visual Studio 15
VisualStudioVersion = 15.0.27428.2027
MinimumVisualStudioVersion = 10.0.40219.1
Project("{FAE04EC0-301F-11D3-BF4B-00C04F79EFBC}") = "Warehouse", "Warehouse\Warehouse.csproj", "{D5A2E335-0ED9-4997-B744-54D402A36D69}"
EndProject
Global
	GlobalSection(SolutionConfigurationPlatforms) = preSolution
		Debug|Any CPU = Debug|Any CPU
		Release|Any CPU = Release|Any CPU
	EndGlobalSection
	GlobalSection(ProjectConfigurationPlatforms) = postSolution
		{D5A2E335-0ED9-4997-B744-54D402A36D69}.Debug|Any CPU.ActiveCfg = Debug|Any CPU
		{D5A2E335-0ED9-4997-B744-54D402A36D69}.Debug|Any CPU.Build.0 = Debug|Any CPU
		{D5A2E335-0ED9-4997-B744-54D402A36D69}.Release|Any CPU.ActiveCfg = Release|Any CPU
		{D5A2E335-0ED9-4997-B744-54D402A36D69}.Release|Any CPU.Build.0 = Release|Any CPU
	EndGlobalSection
	GlobalSection(SolutionProperties) = preSolution
		HideSolutionNode = FALSE
	EndGlobalSection
	GlobalSection(ExtensibilityGlobals) = postSolution
		SolutionGuid = {CE1DB23C-6CC7-43BF-8ADB-B4C92C0F3B6E}
	EndGlobalSection
EndGlobal
